
Microsoft Visual Studio Solution File, Format Version 12.00
# Visual Studio Version 17
VisualStudioVersion = 17.10.34916.146
MinimumVisualStudioVersion = 10.0.40219.1
Project("{FAE04EC0-301F-11D3-BF4B-00C04F79EFBC}") = "AIOService_v1", "AIOService_v1\AIOService_v1.csproj", "{F529E79A-81AF-4B86-82BF-A79847232105}"
EndProject
Global
	GlobalSection(SolutionConfigurationPlatforms) = preSolution
		Debug|Any CPU = Debug|Any CPU
		Release|Any CPU = Release|Any CPU
	EndGlobalSection
	GlobalSection(ProjectConfigurationPlatforms) = postSolution
		{F529E79A-81AF-4B86-82BF-A79847232105}.Debug|Any CPU.ActiveCfg = Debug|Any CPU
		{F529E79A-81AF-4B86-82BF-A79847232105}.Debug|Any CPU.Build.0 = Debug|Any CPU
		{F529E79A-81AF-4B86-82BF-A79847232105}.Debug|Any CPU.Deploy.0 = Debug|Any CPU
		{F529E79A-81AF-4B86-82BF-A79847232105}.Release|Any CPU.ActiveCfg = Release|Any CPU
		{F529E79A-81AF-4B86-82BF-A79847232105}.Release|Any CPU.Build.0 = Release|Any CPU
		{F529E79A-81AF-4B86-82BF-A79847232105}.Release|Any CPU.Deploy.0 = Release|Any CPU
	EndGlobalSection
	GlobalSection(SolutionProperties) = preSolution
		HideSolutionNode = FALSE
	EndGlobalSection
	GlobalSection(ExtensibilityGlobals) = postSolution
		SolutionGuid = {8E9B7303-2916-47DE-A002-6F7ED3AF17A9}
	EndGlobalSection
EndGlobal
